
Microsoft Visual Studio Solution File, Format Version 12.00
# Visual Studio Version 16
VisualStudioVersion = 16.0.30204.135
MinimumVisualStudioVersion = 10.0.40219.1
Project("{FAE04EC0-301F-11D3-BF4B-00C04F79EFBC}") = "Advent01", "Advent1\Advent01.csproj", "{22013ACA-F2F7-4435-9FA0-0547EF44A50A}"
EndProject
Project("{FAE04EC0-301F-11D3-BF4B-00C04F79EFBC}") = "Advent02", "Advent02\Advent02.csproj", "{C1B6AA11-08DA-40A5-ADCD-1D330229B92D}"
EndProject
Global
	GlobalSection(SolutionConfigurationPlatforms) = preSolution
		Debug|Any CPU = Debug|Any CPU
		Release|Any CPU = Release|Any CPU
	EndGlobalSection
	GlobalSection(ProjectConfigurationPlatforms) = postSolution
		{22013ACA-F2F7-4435-9FA0-0547EF44A50A}.Debug|Any CPU.ActiveCfg = Debug|Any CPU
		{22013ACA-F2F7-4435-9FA0-0547EF44A50A}.Debug|Any CPU.Build.0 = Debug|Any CPU
		{22013ACA-F2F7-4435-9FA0-0547EF44A50A}.Release|Any CPU.ActiveCfg = Release|Any CPU
		{22013ACA-F2F7-4435-9FA0-0547EF44A50A}.Release|Any CPU.Build.0 = Release|Any CPU
		{C1B6AA11-08DA-40A5-ADCD-1D330229B92D}.Debug|Any CPU.ActiveCfg = Debug|Any CPU
		{C1B6AA11-08DA-40A5-ADCD-1D330229B92D}.Debug|Any CPU.Build.0 = Debug|Any CPU
		{C1B6AA11-08DA-40A5-ADCD-1D330229B92D}.Release|Any CPU.ActiveCfg = Release|Any CPU
		{C1B6AA11-08DA-40A5-ADCD-1D330229B92D}.Release|Any CPU.Build.0 = Release|Any CPU
	EndGlobalSection
	GlobalSection(SolutionProperties) = preSolution
		HideSolutionNode = FALSE
	EndGlobalSection
	GlobalSection(ExtensibilityGlobals) = postSolution
		SolutionGuid = {A0832A9B-DBE5-4F6A-BF87-908EEF5ED412}
	EndGlobalSection
EndGlobal
