
Microsoft Visual Studio Solution File, Format Version 12.00
# Visual Studio Version 16
VisualStudioVersion = 16.0.30204.135
MinimumVisualStudioVersion = 10.0.40219.1
Project("{9A19103F-16F7-4668-BE54-9A1E7A4F7556}") = "Advent01", "Advent1\Advent01.csproj", "{22013ACA-F2F7-4435-9FA0-0547EF44A50A}"
EndProject
Project("{9A19103F-16F7-4668-BE54-9A1E7A4F7556}") = "Advent02", "Advent02\Advent02.csproj", "{C1B6AA11-08DA-40A5-ADCD-1D330229B92D}"
EndProject
Project("{9A19103F-16F7-4668-BE54-9A1E7A4F7556}") = "Advent03", "Advent03\Advent03.csproj", "{78E55A08-34CA-4F64-B1EC-44CC5630EADD}"
EndProject
Project("{9A19103F-16F7-4668-BE54-9A1E7A4F7556}") = "Advent04", "Advent04\Advent04.csproj", "{402F243E-1114-471F-B230-40922545842B}"
EndProject
Project("{9A19103F-16F7-4668-BE54-9A1E7A4F7556}") = "Advent05", "Advent05\Advent05.csproj", "{369DE2EB-9844-4151-B581-05763DF4AEA3}"
EndProject
Project("{9A19103F-16F7-4668-BE54-9A1E7A4F7556}") = "Advent06", "Advent06\Advent06.csproj", "{149FCEBC-1FAA-44E2-873E-518F94EDEA05}"
EndProject
Project("{9A19103F-16F7-4668-BE54-9A1E7A4F7556}") = "Advent07", "Advent07\Advent07.csproj", "{754F74C0-CD55-498D-B027-20EA866B0842}"
EndProject
Project("{9A19103F-16F7-4668-BE54-9A1E7A4F7556}") = "Advent08", "Advent08\Advent08.csproj", "{40CAC725-E9F6-4716-AEED-5E1EAE8FA390}"
EndProject
Project("{9A19103F-16F7-4668-BE54-9A1E7A4F7556}") = "Advent09", "Advent09\Advent09.csproj", "{105B1DAD-CE0A-4CCB-94B0-3804296F42C9}"
EndProject
Project("{9A19103F-16F7-4668-BE54-9A1E7A4F7556}") = "Advent10", "Advent10\Advent10.csproj", "{1C9F5CE8-3350-4F83-98CB-D8016012FCD7}"
EndProject
Project("{FAE04EC0-301F-11D3-BF4B-00C04F79EFBC}") = "Advent11", "Advent11\Advent11.csproj", "{3C3CD3BE-473E-48F1-9BC3-2065F92E59E3}"
EndProject
Project("{FAE04EC0-301F-11D3-BF4B-00C04F79EFBC}") = "Advent12", "Advent12\Advent12.csproj", "{6670C021-0875-4D74-B858-7429C7A6ACE8}"
EndProject
Global
	GlobalSection(SolutionConfigurationPlatforms) = preSolution
		Debug|Any CPU = Debug|Any CPU
		Release|Any CPU = Release|Any CPU
	EndGlobalSection
	GlobalSection(ProjectConfigurationPlatforms) = postSolution
		{22013ACA-F2F7-4435-9FA0-0547EF44A50A}.Debug|Any CPU.ActiveCfg = Debug|Any CPU
		{22013ACA-F2F7-4435-9FA0-0547EF44A50A}.Debug|Any CPU.Build.0 = Debug|Any CPU
		{22013ACA-F2F7-4435-9FA0-0547EF44A50A}.Release|Any CPU.ActiveCfg = Release|Any CPU
		{22013ACA-F2F7-4435-9FA0-0547EF44A50A}.Release|Any CPU.Build.0 = Release|Any CPU
		{C1B6AA11-08DA-40A5-ADCD-1D330229B92D}.Debug|Any CPU.ActiveCfg = Debug|Any CPU
		{C1B6AA11-08DA-40A5-ADCD-1D330229B92D}.Debug|Any CPU.Build.0 = Debug|Any CPU
		{C1B6AA11-08DA-40A5-ADCD-1D330229B92D}.Release|Any CPU.ActiveCfg = Release|Any CPU
		{C1B6AA11-08DA-40A5-ADCD-1D330229B92D}.Release|Any CPU.Build.0 = Release|Any CPU
		{78E55A08-34CA-4F64-B1EC-44CC5630EADD}.Debug|Any CPU.ActiveCfg = Debug|Any CPU
		{78E55A08-34CA-4F64-B1EC-44CC5630EADD}.Debug|Any CPU.Build.0 = Debug|Any CPU
		{78E55A08-34CA-4F64-B1EC-44CC5630EADD}.Release|Any CPU.ActiveCfg = Release|Any CPU
		{78E55A08-34CA-4F64-B1EC-44CC5630EADD}.Release|Any CPU.Build.0 = Release|Any CPU
		{402F243E-1114-471F-B230-40922545842B}.Debug|Any CPU.ActiveCfg = Debug|Any CPU
		{402F243E-1114-471F-B230-40922545842B}.Debug|Any CPU.Build.0 = Debug|Any CPU
		{402F243E-1114-471F-B230-40922545842B}.Release|Any CPU.ActiveCfg = Release|Any CPU
		{402F243E-1114-471F-B230-40922545842B}.Release|Any CPU.Build.0 = Release|Any CPU
		{369DE2EB-9844-4151-B581-05763DF4AEA3}.Debug|Any CPU.ActiveCfg = Debug|Any CPU
		{369DE2EB-9844-4151-B581-05763DF4AEA3}.Debug|Any CPU.Build.0 = Debug|Any CPU
		{369DE2EB-9844-4151-B581-05763DF4AEA3}.Release|Any CPU.ActiveCfg = Release|Any CPU
		{369DE2EB-9844-4151-B581-05763DF4AEA3}.Release|Any CPU.Build.0 = Release|Any CPU
		{149FCEBC-1FAA-44E2-873E-518F94EDEA05}.Debug|Any CPU.ActiveCfg = Debug|Any CPU
		{149FCEBC-1FAA-44E2-873E-518F94EDEA05}.Debug|Any CPU.Build.0 = Debug|Any CPU
		{149FCEBC-1FAA-44E2-873E-518F94EDEA05}.Release|Any CPU.ActiveCfg = Release|Any CPU
		{149FCEBC-1FAA-44E2-873E-518F94EDEA05}.Release|Any CPU.Build.0 = Release|Any CPU
		{754F74C0-CD55-498D-B027-20EA866B0842}.Debug|Any CPU.ActiveCfg = Debug|Any CPU
		{754F74C0-CD55-498D-B027-20EA866B0842}.Debug|Any CPU.Build.0 = Debug|Any CPU
		{754F74C0-CD55-498D-B027-20EA866B0842}.Release|Any CPU.ActiveCfg = Release|Any CPU
		{754F74C0-CD55-498D-B027-20EA866B0842}.Release|Any CPU.Build.0 = Release|Any CPU
		{40CAC725-E9F6-4716-AEED-5E1EAE8FA390}.Debug|Any CPU.ActiveCfg = Debug|Any CPU
		{40CAC725-E9F6-4716-AEED-5E1EAE8FA390}.Debug|Any CPU.Build.0 = Debug|Any CPU
		{40CAC725-E9F6-4716-AEED-5E1EAE8FA390}.Release|Any CPU.ActiveCfg = Release|Any CPU
		{40CAC725-E9F6-4716-AEED-5E1EAE8FA390}.Release|Any CPU.Build.0 = Release|Any CPU
		{105B1DAD-CE0A-4CCB-94B0-3804296F42C9}.Debug|Any CPU.ActiveCfg = Debug|Any CPU
		{105B1DAD-CE0A-4CCB-94B0-3804296F42C9}.Debug|Any CPU.Build.0 = Debug|Any CPU
		{105B1DAD-CE0A-4CCB-94B0-3804296F42C9}.Release|Any CPU.ActiveCfg = Release|Any CPU
		{105B1DAD-CE0A-4CCB-94B0-3804296F42C9}.Release|Any CPU.Build.0 = Release|Any CPU
		{1C9F5CE8-3350-4F83-98CB-D8016012FCD7}.Debug|Any CPU.ActiveCfg = Debug|Any CPU
		{1C9F5CE8-3350-4F83-98CB-D8016012FCD7}.Debug|Any CPU.Build.0 = Debug|Any CPU
		{1C9F5CE8-3350-4F83-98CB-D8016012FCD7}.Release|Any CPU.ActiveCfg = Release|Any CPU
		{1C9F5CE8-3350-4F83-98CB-D8016012FCD7}.Release|Any CPU.Build.0 = Release|Any CPU
		{3C3CD3BE-473E-48F1-9BC3-2065F92E59E3}.Debug|Any CPU.ActiveCfg = Debug|Any CPU
		{3C3CD3BE-473E-48F1-9BC3-2065F92E59E3}.Debug|Any CPU.Build.0 = Debug|Any CPU
		{3C3CD3BE-473E-48F1-9BC3-2065F92E59E3}.Release|Any CPU.ActiveCfg = Release|Any CPU
		{3C3CD3BE-473E-48F1-9BC3-2065F92E59E3}.Release|Any CPU.Build.0 = Release|Any CPU
		{6670C021-0875-4D74-B858-7429C7A6ACE8}.Debug|Any CPU.ActiveCfg = Debug|Any CPU
		{6670C021-0875-4D74-B858-7429C7A6ACE8}.Debug|Any CPU.Build.0 = Debug|Any CPU
		{6670C021-0875-4D74-B858-7429C7A6ACE8}.Release|Any CPU.ActiveCfg = Release|Any CPU
		{6670C021-0875-4D74-B858-7429C7A6ACE8}.Release|Any CPU.Build.0 = Release|Any CPU
	EndGlobalSection
	GlobalSection(SolutionProperties) = preSolution
		HideSolutionNode = FALSE
	EndGlobalSection
	GlobalSection(ExtensibilityGlobals) = postSolution
		SolutionGuid = {A0832A9B-DBE5-4F6A-BF87-908EEF5ED412}
	EndGlobalSection
EndGlobal
